// !$*UTF8*$!
{
	archiveVersion = 1;
	classes = {
	};
	objectVersion = 56;
	objects = {

/* Begin PBXBuildFile section */
		6F2A0D2C2BC2BE0B0078FE29 /* AppDelegate.swift in Sources */ = {isa = PBXBuildFile; fileRef = 6F2A0D2B2BC2BE0B0078FE29 /* AppDelegate.swift */; };
		6F2A0D2E2BC2BE0B0078FE29 /* SceneDelegate.swift in Sources */ = {isa = PBXBuildFile; fileRef = 6F2A0D2D2BC2BE0B0078FE29 /* SceneDelegate.swift */; };
		6F2A0D302BC2BE0B0078FE29 /* ViewController.swift in Sources */ = {isa = PBXBuildFile; fileRef = 6F2A0D2F2BC2BE0B0078FE29 /* ViewController.swift */; };
		6F2A0D332BC2BE0B0078FE29 /* Main.storyboard in Resources */ = {isa = PBXBuildFile; fileRef = 6F2A0D312BC2BE0B0078FE29 /* Main.storyboard */; };
		6F2A0D352BC2BE0C0078FE29 /* Assets.xcassets in Resources */ = {isa = PBXBuildFile; fileRef = 6F2A0D342BC2BE0C0078FE29 /* Assets.xcassets */; };
		6F2A0D382BC2BE0C0078FE29 /* LaunchScreen.storyboard in Resources */ = {isa = PBXBuildFile; fileRef = 6F2A0D362BC2BE0C0078FE29 /* LaunchScreen.storyboard */; };
		6F2A0D412BC2BE830078FE29 /* Breed.swift in Sources */ = {isa = PBXBuildFile; fileRef = 6F2A0D402BC2BE830078FE29 /* Breed.swift */; };
		6F2A0D432BC2BEA10078FE29 /* License.swift in Sources */ = {isa = PBXBuildFile; fileRef = 6F2A0D422BC2BEA10078FE29 /* License.swift */; };
		6F2A0D452BC2BEDF0078FE29 /* Breeds.swift in Sources */ = {isa = PBXBuildFile; fileRef = 6F2A0D442BC2BEDF0078FE29 /* Breeds.swift */; };
		6F2A0D482BC2BF150078FE29 /* URLExtensions.swift in Sources */ = {isa = PBXBuildFile; fileRef = 6F2A0D472BC2BF150078FE29 /* URLExtensions.swift */; };
		6F2A0D4A2BC2C0440078FE29 /* BreedsLoader.swift in Sources */ = {isa = PBXBuildFile; fileRef = 6F2A0D492BC2C0440078FE29 /* BreedsLoader.swift */; };
/* End PBXBuildFile section */

/* Begin PBXFileReference section */
		6F2A0D282BC2BE0B0078FE29 /* CatFancy.app */ = {isa = PBXFileReference; explicitFileType = wrapper.application; includeInIndex = 0; path = CatFancy.app; sourceTree = BUILT_PRODUCTS_DIR; };
		6F2A0D2B2BC2BE0B0078FE29 /* AppDelegate.swift */ = {isa = PBXFileReference; lastKnownFileType = sourcecode.swift; path = AppDelegate.swift; sourceTree = "<group>"; };
		6F2A0D2D2BC2BE0B0078FE29 /* SceneDelegate.swift */ = {isa = PBXFileReference; lastKnownFileType = sourcecode.swift; path = SceneDelegate.swift; sourceTree = "<group>"; };
		6F2A0D2F2BC2BE0B0078FE29 /* ViewController.swift */ = {isa = PBXFileReference; lastKnownFileType = sourcecode.swift; path = ViewController.swift; sourceTree = "<group>"; };
		6F2A0D322BC2BE0B0078FE29 /* Base */ = {isa = PBXFileReference; lastKnownFileType = file.storyboard; name = Base; path = Base.lproj/Main.storyboard; sourceTree = "<group>"; };
		6F2A0D342BC2BE0C0078FE29 /* Assets.xcassets */ = {isa = PBXFileReference; lastKnownFileType = folder.assetcatalog; path = Assets.xcassets; sourceTree = "<group>"; };
		6F2A0D372BC2BE0C0078FE29 /* Base */ = {isa = PBXFileReference; lastKnownFileType = file.storyboard; name = Base; path = Base.lproj/LaunchScreen.storyboard; sourceTree = "<group>"; };
		6F2A0D392BC2BE0C0078FE29 /* Info.plist */ = {isa = PBXFileReference; lastKnownFileType = text.plist.xml; path = Info.plist; sourceTree = "<group>"; };
		6F2A0D402BC2BE830078FE29 /* Breed.swift */ = {isa = PBXFileReference; lastKnownFileType = sourcecode.swift; path = Breed.swift; sourceTree = "<group>"; };
		6F2A0D422BC2BEA10078FE29 /* License.swift */ = {isa = PBXFileReference; lastKnownFileType = sourcecode.swift; path = License.swift; sourceTree = "<group>"; };
		6F2A0D442BC2BEDF0078FE29 /* Breeds.swift */ = {isa = PBXFileReference; lastKnownFileType = sourcecode.swift; path = Breeds.swift; sourceTree = "<group>"; };
		6F2A0D472BC2BF150078FE29 /* URLExtensions.swift */ = {isa = PBXFileReference; lastKnownFileType = sourcecode.swift; path = URLExtensions.swift; sourceTree = "<group>"; };
		6F2A0D492BC2C0440078FE29 /* BreedsLoader.swift */ = {isa = PBXFileReference; lastKnownFileType = sourcecode.swift; path = BreedsLoader.swift; sourceTree = "<group>"; };
/* End PBXFileReference section */

/* Begin PBXFrameworksBuildPhase section */
		6F2A0D252BC2BE0B0078FE29 /* Frameworks */ = {
			isa = PBXFrameworksBuildPhase;
			buildActionMask = 2147483647;
			files = (
			);
			runOnlyForDeploymentPostprocessing = 0;
		};
/* End PBXFrameworksBuildPhase section */

/* Begin PBXGroup section */
		6F2A0D1F2BC2BE0B0078FE29 = {
			isa = PBXGroup;
			children = (
				6F2A0D2A2BC2BE0B0078FE29 /* CatFancy */,
				6F2A0D292BC2BE0B0078FE29 /* Products */,
			);
			sourceTree = "<group>";
		};
		6F2A0D292BC2BE0B0078FE29 /* Products */ = {
			isa = PBXGroup;
			children = (
				6F2A0D282BC2BE0B0078FE29 /* CatFancy.app */,
			);
			name = Products;
			sourceTree = "<group>";
		};
		6F2A0D2A2BC2BE0B0078FE29 /* CatFancy */ = {
			isa = PBXGroup;
			children = (
				6F2A0D2B2BC2BE0B0078FE29 /* AppDelegate.swift */,
				6F2A0D342BC2BE0C0078FE29 /* Assets.xcassets */,
				6F2A0D462BC2BF0C0078FE29 /* Helpers */,
				6F2A0D392BC2BE0C0078FE29 /* Info.plist */,
				6F2A0D362BC2BE0C0078FE29 /* LaunchScreen.storyboard */,
				6F2A0D312BC2BE0B0078FE29 /* Main.storyboard */,
				6F2A0D3F2BC2BE700078FE29 /* Models */,
				6F2A0D2D2BC2BE0B0078FE29 /* SceneDelegate.swift */,
				6F2A0D2F2BC2BE0B0078FE29 /* ViewController.swift */,
			);
			path = CatFancy;
			sourceTree = "<group>";
		};
		6F2A0D3F2BC2BE700078FE29 /* Models */ = {
			isa = PBXGroup;
			children = (
				6F2A0D402BC2BE830078FE29 /* Breed.swift */,
				6F2A0D442BC2BEDF0078FE29 /* Breeds.swift */,
				6F2A0D422BC2BEA10078FE29 /* License.swift */,
			);
			path = Models;
			sourceTree = "<group>";
		};
		6F2A0D462BC2BF0C0078FE29 /* Helpers */ = {
			isa = PBXGroup;
			children = (
				6F2A0D492BC2C0440078FE29 /* BreedsLoader.swift */,
				6F2A0D472BC2BF150078FE29 /* URLExtensions.swift */,
			);
			path = Helpers;
			sourceTree = "<group>";
		};
/* End PBXGroup section */

/* Begin PBXNativeTarget section */
		6F2A0D272BC2BE0B0078FE29 /* CatFancy */ = {
			isa = PBXNativeTarget;
			buildConfigurationList = 6F2A0D3C2BC2BE0C0078FE29 /* Build configuration list for PBXNativeTarget "CatFancy" */;
			buildPhases = (
				6F2A0D242BC2BE0B0078FE29 /* Sources */,
				6F2A0D252BC2BE0B0078FE29 /* Frameworks */,
				6F2A0D262BC2BE0B0078FE29 /* Resources */,
			);
			buildRules = (
			);
			dependencies = (
			);
			name = CatFancy;
			productName = CatFancy;
			productReference = 6F2A0D282BC2BE0B0078FE29 /* CatFancy.app */;
			productType = "com.apple.product-type.application";
		};
/* End PBXNativeTarget section */

/* Begin PBXProject section */
		6F2A0D202BC2BE0B0078FE29 /* Project object */ = {
			isa = PBXProject;
			attributes = {
				BuildIndependentTargetsInParallel = 1;
				LastSwiftUpdateCheck = 1430;
				LastUpgradeCheck = 1430;
				TargetAttributes = {
					6F2A0D272BC2BE0B0078FE29 = {
						CreatedOnToolsVersion = 14.3.1;
					};
				};
			};
			buildConfigurationList = 6F2A0D232BC2BE0B0078FE29 /* Build configuration list for PBXProject "CatFancy" */;
			compatibilityVersion = "Xcode 14.0";
			developmentRegion = en;
			hasScannedForEncodings = 0;
			knownRegions = (
				en,
				Base,
			);
			mainGroup = 6F2A0D1F2BC2BE0B0078FE29;
			productRefGroup = 6F2A0D292BC2BE0B0078FE29 /* Products */;
			projectDirPath = "";
			projectRoot = "";
			targets = (
				6F2A0D272BC2BE0B0078FE29 /* CatFancy */,
			);
		};
/* End PBXProject section */

/* Begin PBXResourcesBuildPhase section */
		6F2A0D262BC2BE0B0078FE29 /* Resources */ = {
			isa = PBXResourcesBuildPhase;
			buildActionMask = 2147483647;
			files = (
				6F2A0D382BC2BE0C0078FE29 /* LaunchScreen.storyboard in Resources */,
				6F2A0D352BC2BE0C0078FE29 /* Assets.xcassets in Resources */,
				6F2A0D332BC2BE0B0078FE29 /* Main.storyboard in Resources */,
			);
			runOnlyForDeploymentPostprocessing = 0;
		};
/* End PBXResourcesBuildPhase section */

/* Begin PBXSourcesBuildPhase section */
		6F2A0D242BC2BE0B0078FE29 /* Sources */ = {
			isa = PBXSourcesBuildPhase;
			buildActionMask = 2147483647;
			files = (
				6F2A0D482BC2BF150078FE29 /* URLExtensions.swift in Sources */,
				6F2A0D4A2BC2C0440078FE29 /* BreedsLoader.swift in Sources */,
				6F2A0D412BC2BE830078FE29 /* Breed.swift in Sources */,
				6F2A0D302BC2BE0B0078FE29 /* ViewController.swift in Sources */,
				6F2A0D432BC2BEA10078FE29 /* License.swift in Sources */,
				6F2A0D2C2BC2BE0B0078FE29 /* AppDelegate.swift in Sources */,
				6F2A0D452BC2BEDF0078FE29 /* Breeds.swift in Sources */,
				6F2A0D2E2BC2BE0B0078FE29 /* SceneDelegate.swift in Sources */,
			);
			runOnlyForDeploymentPostprocessing = 0;
		};
/* End PBXSourcesBuildPhase section */

/* Begin PBXVariantGroup section */
		6F2A0D312BC2BE0B0078FE29 /* Main.storyboard */ = {
			isa = PBXVariantGroup;
			children = (
				6F2A0D322BC2BE0B0078FE29 /* Base */,
			);
			name = Main.storyboard;
			sourceTree = "<group>";
		};
		6F2A0D362BC2BE0C0078FE29 /* LaunchScreen.storyboard */ = {
			isa = PBXVariantGroup;
			children = (
				6F2A0D372BC2BE0C0078FE29 /* Base */,
			);
			name = LaunchScreen.storyboard;
			sourceTree = "<group>";
		};
/* End PBXVariantGroup section */

/* Begin XCBuildConfiguration section */
		6F2A0D3A2BC2BE0C0078FE29 /* Debug */ = {
			isa = XCBuildConfiguration;
			buildSettings = {
				ALWAYS_SEARCH_USER_PATHS = NO;
				CLANG_ANALYZER_NONNULL = YES;
				CLANG_ANALYZER_NUMBER_OBJECT_CONVERSION = YES_AGGRESSIVE;
				CLANG_CXX_LANGUAGE_STANDARD = "gnu++20";
				CLANG_ENABLE_MODULES = YES;
				CLANG_ENABLE_OBJC_ARC = YES;
				CLANG_ENABLE_OBJC_WEAK = YES;
				CLANG_WARN_BLOCK_CAPTURE_AUTORELEASING = YES;
				CLANG_WARN_BOOL_CONVERSION = YES;
				CLANG_WARN_COMMA = YES;
				CLANG_WARN_CONSTANT_CONVERSION = YES;
				CLANG_WARN_DEPRECATED_OBJC_IMPLEMENTATIONS = YES;
				CLANG_WARN_DIRECT_OBJC_ISA_USAGE = YES_ERROR;
				CLANG_WARN_DOCUMENTATION_COMMENTS = YES;
				CLANG_WARN_EMPTY_BODY = YES;
				CLANG_WARN_ENUM_CONVERSION = YES;
				CLANG_WARN_INFINITE_RECURSION = YES;
				CLANG_WARN_INT_CONVERSION = YES;
				CLANG_WARN_NON_LITERAL_NULL_CONVERSION = YES;
				CLANG_WARN_OBJC_IMPLICIT_RETAIN_SELF = YES;
				CLANG_WARN_OBJC_LITERAL_CONVERSION = YES;
				CLANG_WARN_OBJC_ROOT_CLASS = YES_ERROR;
				CLANG_WARN_QUOTED_INCLUDE_IN_FRAMEWORK_HEADER = YES;
				CLANG_WARN_RANGE_LOOP_ANALYSIS = YES;
				CLANG_WARN_STRICT_PROTOTYPES = YES;
				CLANG_WARN_SUSPICIOUS_MOVE = YES;
				CLANG_WARN_UNGUARDED_AVAILABILITY = YES_AGGRESSIVE;
				CLANG_WARN_UNREACHABLE_CODE = YES;
				CLANG_WARN__DUPLICATE_METHOD_MATCH = YES;
				COPY_PHASE_STRIP = NO;
				DEBUG_INFORMATION_FORMAT = dwarf;
				ENABLE_STRICT_OBJC_MSGSEND = YES;
				ENABLE_TESTABILITY = YES;
				GCC_C_LANGUAGE_STANDARD = gnu11;
				GCC_DYNAMIC_NO_PIC = NO;
				GCC_NO_COMMON_BLOCKS = YES;
				GCC_OPTIMIZATION_LEVEL = 0;
				GCC_PREPROCESSOR_DEFINITIONS = (
					"DEBUG=1",
					"$(inherited)",
				);
				GCC_WARN_64_TO_32_BIT_CONVERSION = YES;
				GCC_WARN_ABOUT_RETURN_TYPE = YES_ERROR;
				GCC_WARN_UNDECLARED_SELECTOR = YES;
				GCC_WARN_UNINITIALIZED_AUTOS = YES_AGGRESSIVE;
				GCC_WARN_UNUSED_FUNCTION = YES;
				GCC_WARN_UNUSED_VARIABLE = YES;
				IPHONEOS_DEPLOYMENT_TARGET = 16.4;
				MTL_ENABLE_DEBUG_INFO = INCLUDE_SOURCE;
				MTL_FAST_MATH = YES;
				ONLY_ACTIVE_ARCH = YES;
				SDKROOT = iphoneos;
				SWIFT_ACTIVE_COMPILATION_CONDITIONS = DEBUG;
				SWIFT_OPTIMIZATION_LEVEL = "-Onone";
			};
			name = Debug;
		};
		6F2A0D3B2BC2BE0C0078FE29 /* Release */ = {
			isa = XCBuildConfiguration;
			buildSettings = {
				ALWAYS_SEARCH_USER_PATHS = NO;
				CLANG_ANALYZER_NONNULL = YES;
				CLANG_ANALYZER_NUMBER_OBJECT_CONVERSION = YES_AGGRESSIVE;
				CLANG_CXX_LANGUAGE_STANDARD = "gnu++20";
				CLANG_ENABLE_MODULES = YES;
				CLANG_ENABLE_OBJC_ARC = YES;
				CLANG_ENABLE_OBJC_WEAK = YES;
				CLANG_WARN_BLOCK_CAPTURE_AUTORELEASING = YES;
				CLANG_WARN_BOOL_CONVERSION = YES;
				CLANG_WARN_COMMA = YES;
				CLANG_WARN_CONSTANT_CONVERSION = YES;
				CLANG_WARN_DEPRECATED_OBJC_IMPLEMENTATIONS = YES;
				CLANG_WARN_DIRECT_OBJC_ISA_USAGE = YES_ERROR;
				CLANG_WARN_DOCUMENTATION_COMMENTS = YES;
				CLANG_WARN_EMPTY_BODY = YES;
				CLANG_WARN_ENUM_CONVERSION = YES;
				CLANG_WARN_INFINITE_RECURSION = YES;
				CLANG_WARN_INT_CONVERSION = YES;
				CLANG_WARN_NON_LITERAL_NULL_CONVERSION = YES;
				CLANG_WARN_OBJC_IMPLICIT_RETAIN_SELF = YES;
				CLANG_WARN_OBJC_LITERAL_CONVERSION = YES;
				CLANG_WARN_OBJC_ROOT_CLASS = YES_ERROR;
				CLANG_WARN_QUOTED_INCLUDE_IN_FRAMEWORK_HEADER = YES;
				CLANG_WARN_RANGE_LOOP_ANALYSIS = YES;
				CLANG_WARN_STRICT_PROTOTYPES = YES;
				CLANG_WARN_SUSPICIOUS_MOVE = YES;
				CLANG_WARN_UNGUARDED_AVAILABILITY = YES_AGGRESSIVE;
				CLANG_WARN_UNREACHABLE_CODE = YES;
				CLANG_WARN__DUPLICATE_METHOD_MATCH = YES;
				COPY_PHASE_STRIP = NO;
				DEBUG_INFORMATION_FORMAT = "dwarf-with-dsym";
				ENABLE_NS_ASSERTIONS = NO;
				ENABLE_STRICT_OBJC_MSGSEND = YES;
				GCC_C_LANGUAGE_STANDARD = gnu11;
				GCC_NO_COMMON_BLOCKS = YES;
				GCC_WARN_64_TO_32_BIT_CONVERSION = YES;
				GCC_WARN_ABOUT_RETURN_TYPE = YES_ERROR;
				GCC_WARN_UNDECLARED_SELECTOR = YES;
				GCC_WARN_UNINITIALIZED_AUTOS = YES_AGGRESSIVE;
				GCC_WARN_UNUSED_FUNCTION = YES;
				GCC_WARN_UNUSED_VARIABLE = YES;
				IPHONEOS_DEPLOYMENT_TARGET = 16.4;
				MTL_ENABLE_DEBUG_INFO = NO;
				MTL_FAST_MATH = YES;
				SDKROOT = iphoneos;
				SWIFT_COMPILATION_MODE = wholemodule;
				SWIFT_OPTIMIZATION_LEVEL = "-O";
				VALIDATE_PRODUCT = YES;
			};
			name = Release;
		};
		6F2A0D3D2BC2BE0C0078FE29 /* Debug */ = {
			isa = XCBuildConfiguration;
			buildSettings = {
				ASSETCATALOG_COMPILER_APPICON_NAME = AppIcon;
				ASSETCATALOG_COMPILER_GLOBAL_ACCENT_COLOR_NAME = AccentColor;
				CODE_SIGN_STYLE = Automatic;
				CURRENT_PROJECT_VERSION = 1;
				GENERATE_INFOPLIST_FILE = YES;
				INFOPLIST_FILE = CatFancy/Info.plist;
				INFOPLIST_KEY_UIApplicationSupportsIndirectInputEvents = YES;
				INFOPLIST_KEY_UILaunchStoryboardName = LaunchScreen;
				INFOPLIST_KEY_UIMainStoryboardFile = Main;
				INFOPLIST_KEY_UISupportedInterfaceOrientations_iPad = "UIInterfaceOrientationPortrait UIInterfaceOrientationPortraitUpsideDown UIInterfaceOrientationLandscapeLeft UIInterfaceOrientationLandscapeRight";
				INFOPLIST_KEY_UISupportedInterfaceOrientations_iPhone = "UIInterfaceOrientationPortrait UIInterfaceOrientationLandscapeLeft UIInterfaceOrientationLandscapeRight";
				LD_RUNPATH_SEARCH_PATHS = (
					"$(inherited)",
					"@executable_path/Frameworks",
				);
				MARKETING_VERSION = 1.0;
				PRODUCT_BUNDLE_IDENTIFIER = com.palancica.CatFancy;
				PRODUCT_NAME = "$(TARGET_NAME)";
				SWIFT_EMIT_LOC_STRINGS = YES;
				SWIFT_VERSION = 5.0;
				TARGETED_DEVICE_FAMILY = "1,2";
			};
			name = Debug;
		};
		6F2A0D3E2BC2BE0C0078FE29 /* Release */ = {
			isa = XCBuildConfiguration;
			buildSettings = {
				ASSETCATALOG_COMPILER_APPICON_NAME = AppIcon;
				ASSETCATALOG_COMPILER_GLOBAL_ACCENT_COLOR_NAME = AccentColor;
				CODE_SIGN_STYLE = Automatic;
				CURRENT_PROJECT_VERSION = 1;
				GENERATE_INFOPLIST_FILE = YES;
				INFOPLIST_FILE = CatFancy/Info.plist;
				INFOPLIST_KEY_UIApplicationSupportsIndirectInputEvents = YES;
				INFOPLIST_KEY_UILaunchStoryboardName = LaunchScreen;
				INFOPLIST_KEY_UIMainStoryboardFile = Main;
				INFOPLIST_KEY_UISupportedInterfaceOrientations_iPad = "UIInterfaceOrientationPortrait UIInterfaceOrientationPortraitUpsideDown UIInterfaceOrientationLandscapeLeft UIInterfaceOrientationLandscapeRight";
				INFOPLIST_KEY_UISupportedInterfaceOrientations_iPhone = "UIInterfaceOrientationPortrait UIInterfaceOrientationLandscapeLeft UIInterfaceOrientationLandscapeRight";
				LD_RUNPATH_SEARCH_PATHS = (
					"$(inherited)",
					"@executable_path/Frameworks",
				);
				MARKETING_VERSION = 1.0;
				PRODUCT_BUNDLE_IDENTIFIER = com.palancica.CatFancy;
				PRODUCT_NAME = "$(TARGET_NAME)";
				SWIFT_EMIT_LOC_STRINGS = YES;
				SWIFT_VERSION = 5.0;
				TARGETED_DEVICE_FAMILY = "1,2";
			};
			name = Release;
		};
/* End XCBuildConfiguration section */

/* Begin XCConfigurationList section */
		6F2A0D232BC2BE0B0078FE29 /* Build configuration list for PBXProject "CatFancy" */ = {
			isa = XCConfigurationList;
			buildConfigurations = (
				6F2A0D3A2BC2BE0C0078FE29 /* Debug */,
				6F2A0D3B2BC2BE0C0078FE29 /* Release */,
			);
			defaultConfigurationIsVisible = 0;
			defaultConfigurationName = Release;
		};
		6F2A0D3C2BC2BE0C0078FE29 /* Build configuration list for PBXNativeTarget "CatFancy" */ = {
			isa = XCConfigurationList;
			buildConfigurations = (
				6F2A0D3D2BC2BE0C0078FE29 /* Debug */,
				6F2A0D3E2BC2BE0C0078FE29 /* Release */,
			);
			defaultConfigurationIsVisible = 0;
			defaultConfigurationName = Release;
		};
/* End XCConfigurationList section */
	};
	rootObject = 6F2A0D202BC2BE0B0078FE29 /* Project object */;
}
