// !$*UTF8*$!
{
	archiveVersion = 1;
	classes = {
	};
	objectVersion = 56;
	objects = {

/* Begin PBXBuildFile section */
		6FC1D4C12B6EA77B006863B4 /* AppDelegate.swift in Sources */ = {isa = PBXBuildFile; fileRef = 6FC1D4C02B6EA77B006863B4 /* AppDelegate.swift */; };
		6FC1D4C32B6EA77B006863B4 /* SceneDelegate.swift in Sources */ = {isa = PBXBuildFile; fileRef = 6FC1D4C22B6EA77B006863B4 /* SceneDelegate.swift */; };
		6FC1D4C52B6EA77B006863B4 /* ViewController.swift in Sources */ = {isa = PBXBuildFile; fileRef = 6FC1D4C42B6EA77B006863B4 /* ViewController.swift */; };
		6FC1D4C82B6EA77B006863B4 /* Main.storyboard in Resources */ = {isa = PBXBuildFile; fileRef = 6FC1D4C62B6EA77B006863B4 /* Main.storyboard */; };
		6FC1D4CA2B6EA77D006863B4 /* Assets.xcassets in Resources */ = {isa = PBXBuildFile; fileRef = 6FC1D4C92B6EA77D006863B4 /* Assets.xcassets */; };
		6FC1D4CD2B6EA77D006863B4 /* LaunchScreen.storyboard in Resources */ = {isa = PBXBuildFile; fileRef = 6FC1D4CB2B6EA77D006863B4 /* LaunchScreen.storyboard */; };
		6FC1D4D82B6EA77D006863B4 /* Quiz_iOS_AppTests.swift in Sources */ = {isa = PBXBuildFile; fileRef = 6FC1D4D72B6EA77D006863B4 /* Quiz_iOS_AppTests.swift */; };
		6FC1D4E22B6EA77D006863B4 /* Quiz_iOS_AppUITests.swift in Sources */ = {isa = PBXBuildFile; fileRef = 6FC1D4E12B6EA77D006863B4 /* Quiz_iOS_AppUITests.swift */; };
		6FC1D4E42B6EA77D006863B4 /* Quiz_iOS_AppUITestsLaunchTests.swift in Sources */ = {isa = PBXBuildFile; fileRef = 6FC1D4E32B6EA77D006863B4 /* Quiz_iOS_AppUITestsLaunchTests.swift */; };
/* End PBXBuildFile section */

/* Begin PBXContainerItemProxy section */
		6FC1D4D42B6EA77D006863B4 /* PBXContainerItemProxy */ = {
			isa = PBXContainerItemProxy;
			containerPortal = 6FC1D4B52B6EA77B006863B4 /* Project object */;
			proxyType = 1;
			remoteGlobalIDString = 6FC1D4BC2B6EA77B006863B4;
			remoteInfo = "Quiz-iOS-App";
		};
		6FC1D4DE2B6EA77D006863B4 /* PBXContainerItemProxy */ = {
			isa = PBXContainerItemProxy;
			containerPortal = 6FC1D4B52B6EA77B006863B4 /* Project object */;
			proxyType = 1;
			remoteGlobalIDString = 6FC1D4BC2B6EA77B006863B4;
			remoteInfo = "Quiz-iOS-App";
		};
/* End PBXContainerItemProxy section */

/* Begin PBXFileReference section */
		6FC1D4BD2B6EA77B006863B4 /* Quiz-iOS-App.app */ = {isa = PBXFileReference; explicitFileType = wrapper.application; includeInIndex = 0; path = "Quiz-iOS-App.app"; sourceTree = BUILT_PRODUCTS_DIR; };
		6FC1D4C02B6EA77B006863B4 /* AppDelegate.swift */ = {isa = PBXFileReference; lastKnownFileType = sourcecode.swift; path = AppDelegate.swift; sourceTree = "<group>"; };
		6FC1D4C22B6EA77B006863B4 /* SceneDelegate.swift */ = {isa = PBXFileReference; lastKnownFileType = sourcecode.swift; path = SceneDelegate.swift; sourceTree = "<group>"; };
		6FC1D4C42B6EA77B006863B4 /* ViewController.swift */ = {isa = PBXFileReference; lastKnownFileType = sourcecode.swift; path = ViewController.swift; sourceTree = "<group>"; };
		6FC1D4C72B6EA77B006863B4 /* Base */ = {isa = PBXFileReference; lastKnownFileType = file.storyboard; name = Base; path = Base.lproj/Main.storyboard; sourceTree = "<group>"; };
		6FC1D4C92B6EA77D006863B4 /* Assets.xcassets */ = {isa = PBXFileReference; lastKnownFileType = folder.assetcatalog; path = Assets.xcassets; sourceTree = "<group>"; };
		6FC1D4CC2B6EA77D006863B4 /* Base */ = {isa = PBXFileReference; lastKnownFileType = file.storyboard; name = Base; path = Base.lproj/LaunchScreen.storyboard; sourceTree = "<group>"; };
		6FC1D4CE2B6EA77D006863B4 /* Info.plist */ = {isa = PBXFileReference; lastKnownFileType = text.plist.xml; path = Info.plist; sourceTree = "<group>"; };
		6FC1D4D32B6EA77D006863B4 /* Quiz-iOS-AppTests.xctest */ = {isa = PBXFileReference; explicitFileType = wrapper.cfbundle; includeInIndex = 0; path = "Quiz-iOS-AppTests.xctest"; sourceTree = BUILT_PRODUCTS_DIR; };
		6FC1D4D72B6EA77D006863B4 /* Quiz_iOS_AppTests.swift */ = {isa = PBXFileReference; lastKnownFileType = sourcecode.swift; path = Quiz_iOS_AppTests.swift; sourceTree = "<group>"; };
		6FC1D4DD2B6EA77D006863B4 /* Quiz-iOS-AppUITests.xctest */ = {isa = PBXFileReference; explicitFileType = wrapper.cfbundle; includeInIndex = 0; path = "Quiz-iOS-AppUITests.xctest"; sourceTree = BUILT_PRODUCTS_DIR; };
		6FC1D4E12B6EA77D006863B4 /* Quiz_iOS_AppUITests.swift */ = {isa = PBXFileReference; lastKnownFileType = sourcecode.swift; path = Quiz_iOS_AppUITests.swift; sourceTree = "<group>"; };
		6FC1D4E32B6EA77D006863B4 /* Quiz_iOS_AppUITestsLaunchTests.swift */ = {isa = PBXFileReference; lastKnownFileType = sourcecode.swift; path = Quiz_iOS_AppUITestsLaunchTests.swift; sourceTree = "<group>"; };
/* End PBXFileReference section */

/* Begin PBXFrameworksBuildPhase section */
		6FC1D4BA2B6EA77B006863B4 /* Frameworks */ = {
			isa = PBXFrameworksBuildPhase;
			buildActionMask = 2147483647;
			files = (
			);
			runOnlyForDeploymentPostprocessing = 0;
		};
		6FC1D4D02B6EA77D006863B4 /* Frameworks */ = {
			isa = PBXFrameworksBuildPhase;
			buildActionMask = 2147483647;
			files = (
			);
			runOnlyForDeploymentPostprocessing = 0;
		};
		6FC1D4DA2B6EA77D006863B4 /* Frameworks */ = {
			isa = PBXFrameworksBuildPhase;
			buildActionMask = 2147483647;
			files = (
			);
			runOnlyForDeploymentPostprocessing = 0;
		};
/* End PBXFrameworksBuildPhase section */

/* Begin PBXGroup section */
		6FC1D4B42B6EA77B006863B4 = {
			isa = PBXGroup;
			children = (
				6FC1D4BF2B6EA77B006863B4 /* Quiz-iOS-App */,
				6FC1D4D62B6EA77D006863B4 /* Quiz-iOS-AppTests */,
				6FC1D4E02B6EA77D006863B4 /* Quiz-iOS-AppUITests */,
				6FC1D4BE2B6EA77B006863B4 /* Products */,
			);
			sourceTree = "<group>";
		};
		6FC1D4BE2B6EA77B006863B4 /* Products */ = {
			isa = PBXGroup;
			children = (
				6FC1D4BD2B6EA77B006863B4 /* Quiz-iOS-App.app */,
				6FC1D4D32B6EA77D006863B4 /* Quiz-iOS-AppTests.xctest */,
				6FC1D4DD2B6EA77D006863B4 /* Quiz-iOS-AppUITests.xctest */,
			);
			name = Products;
			sourceTree = "<group>";
		};
		6FC1D4BF2B6EA77B006863B4 /* Quiz-iOS-App */ = {
			isa = PBXGroup;
			children = (
				6FC1D4C02B6EA77B006863B4 /* AppDelegate.swift */,
				6FC1D4C22B6EA77B006863B4 /* SceneDelegate.swift */,
				6FC1D4C42B6EA77B006863B4 /* ViewController.swift */,
				6FC1D4C62B6EA77B006863B4 /* Main.storyboard */,
				6FC1D4C92B6EA77D006863B4 /* Assets.xcassets */,
				6FC1D4CB2B6EA77D006863B4 /* LaunchScreen.storyboard */,
				6FC1D4CE2B6EA77D006863B4 /* Info.plist */,
			);
			path = "Quiz-iOS-App";
			sourceTree = "<group>";
		};
		6FC1D4D62B6EA77D006863B4 /* Quiz-iOS-AppTests */ = {
			isa = PBXGroup;
			children = (
				6FC1D4D72B6EA77D006863B4 /* Quiz_iOS_AppTests.swift */,
			);
			path = "Quiz-iOS-AppTests";
			sourceTree = "<group>";
		};
		6FC1D4E02B6EA77D006863B4 /* Quiz-iOS-AppUITests */ = {
			isa = PBXGroup;
			children = (
				6FC1D4E12B6EA77D006863B4 /* Quiz_iOS_AppUITests.swift */,
				6FC1D4E32B6EA77D006863B4 /* Quiz_iOS_AppUITestsLaunchTests.swift */,
			);
			path = "Quiz-iOS-AppUITests";
			sourceTree = "<group>";
		};
/* End PBXGroup section */

/* Begin PBXNativeTarget section */
		6FC1D4BC2B6EA77B006863B4 /* Quiz-iOS-App */ = {
			isa = PBXNativeTarget;
			buildConfigurationList = 6FC1D4E72B6EA77D006863B4 /* Build configuration list for PBXNativeTarget "Quiz-iOS-App" */;
			buildPhases = (
				6FC1D4B92B6EA77B006863B4 /* Sources */,
				6FC1D4BA2B6EA77B006863B4 /* Frameworks */,
				6FC1D4BB2B6EA77B006863B4 /* Resources */,
			);
			buildRules = (
			);
			dependencies = (
			);
			name = "Quiz-iOS-App";
			productName = "Quiz-iOS-App";
			productReference = 6FC1D4BD2B6EA77B006863B4 /* Quiz-iOS-App.app */;
			productType = "com.apple.product-type.application";
		};
		6FC1D4D22B6EA77D006863B4 /* Quiz-iOS-AppTests */ = {
			isa = PBXNativeTarget;
			buildConfigurationList = 6FC1D4EA2B6EA77D006863B4 /* Build configuration list for PBXNativeTarget "Quiz-iOS-AppTests" */;
			buildPhases = (
				6FC1D4CF2B6EA77D006863B4 /* Sources */,
				6FC1D4D02B6EA77D006863B4 /* Frameworks */,
				6FC1D4D12B6EA77D006863B4 /* Resources */,
			);
			buildRules = (
			);
			dependencies = (
				6FC1D4D52B6EA77D006863B4 /* PBXTargetDependency */,
			);
			name = "Quiz-iOS-AppTests";
			productName = "Quiz-iOS-AppTests";
			productReference = 6FC1D4D32B6EA77D006863B4 /* Quiz-iOS-AppTests.xctest */;
			productType = "com.apple.product-type.bundle.unit-test";
		};
		6FC1D4DC2B6EA77D006863B4 /* Quiz-iOS-AppUITests */ = {
			isa = PBXNativeTarget;
			buildConfigurationList = 6FC1D4ED2B6EA77D006863B4 /* Build configuration list for PBXNativeTarget "Quiz-iOS-AppUITests" */;
			buildPhases = (
				6FC1D4D92B6EA77D006863B4 /* Sources */,
				6FC1D4DA2B6EA77D006863B4 /* Frameworks */,
				6FC1D4DB2B6EA77D006863B4 /* Resources */,
			);
			buildRules = (
			);
			dependencies = (
				6FC1D4DF2B6EA77D006863B4 /* PBXTargetDependency */,
			);
			name = "Quiz-iOS-AppUITests";
			productName = "Quiz-iOS-AppUITests";
			productReference = 6FC1D4DD2B6EA77D006863B4 /* Quiz-iOS-AppUITests.xctest */;
			productType = "com.apple.product-type.bundle.ui-testing";
		};
/* End PBXNativeTarget section */

/* Begin PBXProject section */
		6FC1D4B52B6EA77B006863B4 /* Project object */ = {
			isa = PBXProject;
			attributes = {
				BuildIndependentTargetsInParallel = 1;
				LastSwiftUpdateCheck = 1430;
				LastUpgradeCheck = 1430;
				TargetAttributes = {
					6FC1D4BC2B6EA77B006863B4 = {
						CreatedOnToolsVersion = 14.3.1;
					};
					6FC1D4D22B6EA77D006863B4 = {
						CreatedOnToolsVersion = 14.3.1;
						TestTargetID = 6FC1D4BC2B6EA77B006863B4;
					};
					6FC1D4DC2B6EA77D006863B4 = {
						CreatedOnToolsVersion = 14.3.1;
						TestTargetID = 6FC1D4BC2B6EA77B006863B4;
					};
				};
			};
			buildConfigurationList = 6FC1D4B82B6EA77B006863B4 /* Build configuration list for PBXProject "Quiz-iOS-App" */;
			compatibilityVersion = "Xcode 14.0";
			developmentRegion = en;
			hasScannedForEncodings = 0;
			knownRegions = (
				en,
				Base,
			);
			mainGroup = 6FC1D4B42B6EA77B006863B4;
			productRefGroup = 6FC1D4BE2B6EA77B006863B4 /* Products */;
			projectDirPath = "";
			projectRoot = "";
			targets = (
				6FC1D4BC2B6EA77B006863B4 /* Quiz-iOS-App */,
				6FC1D4D22B6EA77D006863B4 /* Quiz-iOS-AppTests */,
				6FC1D4DC2B6EA77D006863B4 /* Quiz-iOS-AppUITests */,
			);
		};
/* End PBXProject section */

/* Begin PBXResourcesBuildPhase section */
		6FC1D4BB2B6EA77B006863B4 /* Resources */ = {
			isa = PBXResourcesBuildPhase;
			buildActionMask = 2147483647;
			files = (
				6FC1D4CD2B6EA77D006863B4 /* LaunchScreen.storyboard in Resources */,
				6FC1D4CA2B6EA77D006863B4 /* Assets.xcassets in Resources */,
				6FC1D4C82B6EA77B006863B4 /* Main.storyboard in Resources */,
			);
			runOnlyForDeploymentPostprocessing = 0;
		};
		6FC1D4D12B6EA77D006863B4 /* Resources */ = {
			isa = PBXResourcesBuildPhase;
			buildActionMask = 2147483647;
			files = (
			);
			runOnlyForDeploymentPostprocessing = 0;
		};
		6FC1D4DB2B6EA77D006863B4 /* Resources */ = {
			isa = PBXResourcesBuildPhase;
			buildActionMask = 2147483647;
			files = (
			);
			runOnlyForDeploymentPostprocessing = 0;
		};
/* End PBXResourcesBuildPhase section */

/* Begin PBXSourcesBuildPhase section */
		6FC1D4B92B6EA77B006863B4 /* Sources */ = {
			isa = PBXSourcesBuildPhase;
			buildActionMask = 2147483647;
			files = (
				6FC1D4C52B6EA77B006863B4 /* ViewController.swift in Sources */,
				6FC1D4C12B6EA77B006863B4 /* AppDelegate.swift in Sources */,
				6FC1D4C32B6EA77B006863B4 /* SceneDelegate.swift in Sources */,
			);
			runOnlyForDeploymentPostprocessing = 0;
		};
		6FC1D4CF2B6EA77D006863B4 /* Sources */ = {
			isa = PBXSourcesBuildPhase;
			buildActionMask = 2147483647;
			files = (
				6FC1D4D82B6EA77D006863B4 /* Quiz_iOS_AppTests.swift in Sources */,
			);
			runOnlyForDeploymentPostprocessing = 0;
		};
		6FC1D4D92B6EA77D006863B4 /* Sources */ = {
			isa = PBXSourcesBuildPhase;
			buildActionMask = 2147483647;
			files = (
				6FC1D4E22B6EA77D006863B4 /* Quiz_iOS_AppUITests.swift in Sources */,
				6FC1D4E42B6EA77D006863B4 /* Quiz_iOS_AppUITestsLaunchTests.swift in Sources */,
			);
			runOnlyForDeploymentPostprocessing = 0;
		};
/* End PBXSourcesBuildPhase section */

/* Begin PBXTargetDependency section */
		6FC1D4D52B6EA77D006863B4 /* PBXTargetDependency */ = {
			isa = PBXTargetDependency;
			target = 6FC1D4BC2B6EA77B006863B4 /* Quiz-iOS-App */;
			targetProxy = 6FC1D4D42B6EA77D006863B4 /* PBXContainerItemProxy */;
		};
		6FC1D4DF2B6EA77D006863B4 /* PBXTargetDependency */ = {
			isa = PBXTargetDependency;
			target = 6FC1D4BC2B6EA77B006863B4 /* Quiz-iOS-App */;
			targetProxy = 6FC1D4DE2B6EA77D006863B4 /* PBXContainerItemProxy */;
		};
/* End PBXTargetDependency section */

/* Begin PBXVariantGroup section */
		6FC1D4C62B6EA77B006863B4 /* Main.storyboard */ = {
			isa = PBXVariantGroup;
			children = (
				6FC1D4C72B6EA77B006863B4 /* Base */,
			);
			name = Main.storyboard;
			sourceTree = "<group>";
		};
		6FC1D4CB2B6EA77D006863B4 /* LaunchScreen.storyboard */ = {
			isa = PBXVariantGroup;
			children = (
				6FC1D4CC2B6EA77D006863B4 /* Base */,
			);
			name = LaunchScreen.storyboard;
			sourceTree = "<group>";
		};
/* End PBXVariantGroup section */

/* Begin XCBuildConfiguration section */
		6FC1D4E52B6EA77D006863B4 /* Debug */ = {
			isa = XCBuildConfiguration;
			buildSettings = {
				ALWAYS_SEARCH_USER_PATHS = NO;
				CLANG_ANALYZER_NONNULL = YES;
				CLANG_ANALYZER_NUMBER_OBJECT_CONVERSION = YES_AGGRESSIVE;
				CLANG_CXX_LANGUAGE_STANDARD = "gnu++20";
				CLANG_ENABLE_MODULES = YES;
				CLANG_ENABLE_OBJC_ARC = YES;
				CLANG_ENABLE_OBJC_WEAK = YES;
				CLANG_WARN_BLOCK_CAPTURE_AUTORELEASING = YES;
				CLANG_WARN_BOOL_CONVERSION = YES;
				CLANG_WARN_COMMA = YES;
				CLANG_WARN_CONSTANT_CONVERSION = YES;
				CLANG_WARN_DEPRECATED_OBJC_IMPLEMENTATIONS = YES;
				CLANG_WARN_DIRECT_OBJC_ISA_USAGE = YES_ERROR;
				CLANG_WARN_DOCUMENTATION_COMMENTS = YES;
				CLANG_WARN_EMPTY_BODY = YES;
				CLANG_WARN_ENUM_CONVERSION = YES;
				CLANG_WARN_INFINITE_RECURSION = YES;
				CLANG_WARN_INT_CONVERSION = YES;
				CLANG_WARN_NON_LITERAL_NULL_CONVERSION = YES;
				CLANG_WARN_OBJC_IMPLICIT_RETAIN_SELF = YES;
				CLANG_WARN_OBJC_LITERAL_CONVERSION = YES;
				CLANG_WARN_OBJC_ROOT_CLASS = YES_ERROR;
				CLANG_WARN_QUOTED_INCLUDE_IN_FRAMEWORK_HEADER = YES;
				CLANG_WARN_RANGE_LOOP_ANALYSIS = YES;
				CLANG_WARN_STRICT_PROTOTYPES = YES;
				CLANG_WARN_SUSPICIOUS_MOVE = YES;
				CLANG_WARN_UNGUARDED_AVAILABILITY = YES_AGGRESSIVE;
				CLANG_WARN_UNREACHABLE_CODE = YES;
				CLANG_WARN__DUPLICATE_METHOD_MATCH = YES;
				COPY_PHASE_STRIP = NO;
				DEBUG_INFORMATION_FORMAT = dwarf;
				ENABLE_STRICT_OBJC_MSGSEND = YES;
				ENABLE_TESTABILITY = YES;
				GCC_C_LANGUAGE_STANDARD = gnu11;
				GCC_DYNAMIC_NO_PIC = NO;
				GCC_NO_COMMON_BLOCKS = YES;
				GCC_OPTIMIZATION_LEVEL = 0;
				GCC_PREPROCESSOR_DEFINITIONS = (
					"DEBUG=1",
					"$(inherited)",
				);
				GCC_WARN_64_TO_32_BIT_CONVERSION = YES;
				GCC_WARN_ABOUT_RETURN_TYPE = YES_ERROR;
				GCC_WARN_UNDECLARED_SELECTOR = YES;
				GCC_WARN_UNINITIALIZED_AUTOS = YES_AGGRESSIVE;
				GCC_WARN_UNUSED_FUNCTION = YES;
				GCC_WARN_UNUSED_VARIABLE = YES;
				IPHONEOS_DEPLOYMENT_TARGET = 16.4;
				MTL_ENABLE_DEBUG_INFO = INCLUDE_SOURCE;
				MTL_FAST_MATH = YES;
				ONLY_ACTIVE_ARCH = YES;
				SDKROOT = iphoneos;
				SWIFT_ACTIVE_COMPILATION_CONDITIONS = DEBUG;
				SWIFT_OPTIMIZATION_LEVEL = "-Onone";
			};
			name = Debug;
		};
		6FC1D4E62B6EA77D006863B4 /* Release */ = {
			isa = XCBuildConfiguration;
			buildSettings = {
				ALWAYS_SEARCH_USER_PATHS = NO;
				CLANG_ANALYZER_NONNULL = YES;
				CLANG_ANALYZER_NUMBER_OBJECT_CONVERSION = YES_AGGRESSIVE;
				CLANG_CXX_LANGUAGE_STANDARD = "gnu++20";
				CLANG_ENABLE_MODULES = YES;
				CLANG_ENABLE_OBJC_ARC = YES;
				CLANG_ENABLE_OBJC_WEAK = YES;
				CLANG_WARN_BLOCK_CAPTURE_AUTORELEASING = YES;
				CLANG_WARN_BOOL_CONVERSION = YES;
				CLANG_WARN_COMMA = YES;
				CLANG_WARN_CONSTANT_CONVERSION = YES;
				CLANG_WARN_DEPRECATED_OBJC_IMPLEMENTATIONS = YES;
				CLANG_WARN_DIRECT_OBJC_ISA_USAGE = YES_ERROR;
				CLANG_WARN_DOCUMENTATION_COMMENTS = YES;
				CLANG_WARN_EMPTY_BODY = YES;
				CLANG_WARN_ENUM_CONVERSION = YES;
				CLANG_WARN_INFINITE_RECURSION = YES;
				CLANG_WARN_INT_CONVERSION = YES;
				CLANG_WARN_NON_LITERAL_NULL_CONVERSION = YES;
				CLANG_WARN_OBJC_IMPLICIT_RETAIN_SELF = YES;
				CLANG_WARN_OBJC_LITERAL_CONVERSION = YES;
				CLANG_WARN_OBJC_ROOT_CLASS = YES_ERROR;
				CLANG_WARN_QUOTED_INCLUDE_IN_FRAMEWORK_HEADER = YES;
				CLANG_WARN_RANGE_LOOP_ANALYSIS = YES;
				CLANG_WARN_STRICT_PROTOTYPES = YES;
				CLANG_WARN_SUSPICIOUS_MOVE = YES;
				CLANG_WARN_UNGUARDED_AVAILABILITY = YES_AGGRESSIVE;
				CLANG_WARN_UNREACHABLE_CODE = YES;
				CLANG_WARN__DUPLICATE_METHOD_MATCH = YES;
				COPY_PHASE_STRIP = NO;
				DEBUG_INFORMATION_FORMAT = "dwarf-with-dsym";
				ENABLE_NS_ASSERTIONS = NO;
				ENABLE_STRICT_OBJC_MSGSEND = YES;
				GCC_C_LANGUAGE_STANDARD = gnu11;
				GCC_NO_COMMON_BLOCKS = YES;
				GCC_WARN_64_TO_32_BIT_CONVERSION = YES;
				GCC_WARN_ABOUT_RETURN_TYPE = YES_ERROR;
				GCC_WARN_UNDECLARED_SELECTOR = YES;
				GCC_WARN_UNINITIALIZED_AUTOS = YES_AGGRESSIVE;
				GCC_WARN_UNUSED_FUNCTION = YES;
				GCC_WARN_UNUSED_VARIABLE = YES;
				IPHONEOS_DEPLOYMENT_TARGET = 16.4;
				MTL_ENABLE_DEBUG_INFO = NO;
				MTL_FAST_MATH = YES;
				SDKROOT = iphoneos;
				SWIFT_COMPILATION_MODE = wholemodule;
				SWIFT_OPTIMIZATION_LEVEL = "-O";
				VALIDATE_PRODUCT = YES;
			};
			name = Release;
		};
		6FC1D4E82B6EA77D006863B4 /* Debug */ = {
			isa = XCBuildConfiguration;
			buildSettings = {
				ASSETCATALOG_COMPILER_APPICON_NAME = AppIcon;
				ASSETCATALOG_COMPILER_GLOBAL_ACCENT_COLOR_NAME = AccentColor;
				CODE_SIGN_STYLE = Automatic;
				CURRENT_PROJECT_VERSION = 1;
				GENERATE_INFOPLIST_FILE = YES;
				INFOPLIST_FILE = "Quiz-iOS-App/Info.plist";
				INFOPLIST_KEY_UIApplicationSupportsIndirectInputEvents = YES;
				INFOPLIST_KEY_UILaunchStoryboardName = LaunchScreen;
				INFOPLIST_KEY_UIMainStoryboardFile = Main;
				INFOPLIST_KEY_UISupportedInterfaceOrientations_iPad = "UIInterfaceOrientationPortrait UIInterfaceOrientationPortraitUpsideDown UIInterfaceOrientationLandscapeLeft UIInterfaceOrientationLandscapeRight";
				INFOPLIST_KEY_UISupportedInterfaceOrientations_iPhone = "UIInterfaceOrientationPortrait UIInterfaceOrientationLandscapeLeft UIInterfaceOrientationLandscapeRight";
				LD_RUNPATH_SEARCH_PATHS = (
					"$(inherited)",
					"@executable_path/Frameworks",
				);
				MARKETING_VERSION = 1.0;
				PRODUCT_BUNDLE_IDENTIFIER = "com.palancica.Quiz-iOS-App";
				PRODUCT_NAME = "$(TARGET_NAME)";
				SWIFT_EMIT_LOC_STRINGS = YES;
				SWIFT_VERSION = 5.0;
				TARGETED_DEVICE_FAMILY = "1,2";
			};
			name = Debug;
		};
		6FC1D4E92B6EA77D006863B4 /* Release */ = {
			isa = XCBuildConfiguration;
			buildSettings = {
				ASSETCATALOG_COMPILER_APPICON_NAME = AppIcon;
				ASSETCATALOG_COMPILER_GLOBAL_ACCENT_COLOR_NAME = AccentColor;
				CODE_SIGN_STYLE = Automatic;
				CURRENT_PROJECT_VERSION = 1;
				GENERATE_INFOPLIST_FILE = YES;
				INFOPLIST_FILE = "Quiz-iOS-App/Info.plist";
				INFOPLIST_KEY_UIApplicationSupportsIndirectInputEvents = YES;
				INFOPLIST_KEY_UILaunchStoryboardName = LaunchScreen;
				INFOPLIST_KEY_UIMainStoryboardFile = Main;
				INFOPLIST_KEY_UISupportedInterfaceOrientations_iPad = "UIInterfaceOrientationPortrait UIInterfaceOrientationPortraitUpsideDown UIInterfaceOrientationLandscapeLeft UIInterfaceOrientationLandscapeRight";
				INFOPLIST_KEY_UISupportedInterfaceOrientations_iPhone = "UIInterfaceOrientationPortrait UIInterfaceOrientationLandscapeLeft UIInterfaceOrientationLandscapeRight";
				LD_RUNPATH_SEARCH_PATHS = (
					"$(inherited)",
					"@executable_path/Frameworks",
				);
				MARKETING_VERSION = 1.0;
				PRODUCT_BUNDLE_IDENTIFIER = "com.palancica.Quiz-iOS-App";
				PRODUCT_NAME = "$(TARGET_NAME)";
				SWIFT_EMIT_LOC_STRINGS = YES;
				SWIFT_VERSION = 5.0;
				TARGETED_DEVICE_FAMILY = "1,2";
			};
			name = Release;
		};
		6FC1D4EB2B6EA77D006863B4 /* Debug */ = {
			isa = XCBuildConfiguration;
			buildSettings = {
				ALWAYS_EMBED_SWIFT_STANDARD_LIBRARIES = YES;
				BUNDLE_LOADER = "$(TEST_HOST)";
				CODE_SIGN_STYLE = Automatic;
				CURRENT_PROJECT_VERSION = 1;
				GENERATE_INFOPLIST_FILE = YES;
				IPHONEOS_DEPLOYMENT_TARGET = 16.4;
				MARKETING_VERSION = 1.0;
				PRODUCT_BUNDLE_IDENTIFIER = "com.palancica.Quiz-iOS-AppTests";
				PRODUCT_NAME = "$(TARGET_NAME)";
				SWIFT_EMIT_LOC_STRINGS = NO;
				SWIFT_VERSION = 5.0;
				TARGETED_DEVICE_FAMILY = "1,2";
				TEST_HOST = "$(BUILT_PRODUCTS_DIR)/Quiz-iOS-App.app/$(BUNDLE_EXECUTABLE_FOLDER_PATH)/Quiz-iOS-App";
			};
			name = Debug;
		};
		6FC1D4EC2B6EA77D006863B4 /* Release */ = {
			isa = XCBuildConfiguration;
			buildSettings = {
				ALWAYS_EMBED_SWIFT_STANDARD_LIBRARIES = YES;
				BUNDLE_LOADER = "$(TEST_HOST)";
				CODE_SIGN_STYLE = Automatic;
				CURRENT_PROJECT_VERSION = 1;
				GENERATE_INFOPLIST_FILE = YES;
				IPHONEOS_DEPLOYMENT_TARGET = 16.4;
				MARKETING_VERSION = 1.0;
				PRODUCT_BUNDLE_IDENTIFIER = "com.palancica.Quiz-iOS-AppTests";
				PRODUCT_NAME = "$(TARGET_NAME)";
				SWIFT_EMIT_LOC_STRINGS = NO;
				SWIFT_VERSION = 5.0;
				TARGETED_DEVICE_FAMILY = "1,2";
				TEST_HOST = "$(BUILT_PRODUCTS_DIR)/Quiz-iOS-App.app/$(BUNDLE_EXECUTABLE_FOLDER_PATH)/Quiz-iOS-App";
			};
			name = Release;
		};
		6FC1D4EE2B6EA77D006863B4 /* Debug */ = {
			isa = XCBuildConfiguration;
			buildSettings = {
				ALWAYS_EMBED_SWIFT_STANDARD_LIBRARIES = YES;
				CODE_SIGN_STYLE = Automatic;
				CURRENT_PROJECT_VERSION = 1;
				GENERATE_INFOPLIST_FILE = YES;
				MARKETING_VERSION = 1.0;
				PRODUCT_BUNDLE_IDENTIFIER = "com.palancica.Quiz-iOS-AppUITests";
				PRODUCT_NAME = "$(TARGET_NAME)";
				SWIFT_EMIT_LOC_STRINGS = NO;
				SWIFT_VERSION = 5.0;
				TARGETED_DEVICE_FAMILY = "1,2";
				TEST_TARGET_NAME = "Quiz-iOS-App";
			};
			name = Debug;
		};
		6FC1D4EF2B6EA77D006863B4 /* Release */ = {
			isa = XCBuildConfiguration;
			buildSettings = {
				ALWAYS_EMBED_SWIFT_STANDARD_LIBRARIES = YES;
				CODE_SIGN_STYLE = Automatic;
				CURRENT_PROJECT_VERSION = 1;
				GENERATE_INFOPLIST_FILE = YES;
				MARKETING_VERSION = 1.0;
				PRODUCT_BUNDLE_IDENTIFIER = "com.palancica.Quiz-iOS-AppUITests";
				PRODUCT_NAME = "$(TARGET_NAME)";
				SWIFT_EMIT_LOC_STRINGS = NO;
				SWIFT_VERSION = 5.0;
				TARGETED_DEVICE_FAMILY = "1,2";
				TEST_TARGET_NAME = "Quiz-iOS-App";
			};
			name = Release;
		};
/* End XCBuildConfiguration section */

/* Begin XCConfigurationList section */
		6FC1D4B82B6EA77B006863B4 /* Build configuration list for PBXProject "Quiz-iOS-App" */ = {
			isa = XCConfigurationList;
			buildConfigurations = (
				6FC1D4E52B6EA77D006863B4 /* Debug */,
				6FC1D4E62B6EA77D006863B4 /* Release */,
			);
			defaultConfigurationIsVisible = 0;
			defaultConfigurationName = Release;
		};
		6FC1D4E72B6EA77D006863B4 /* Build configuration list for PBXNativeTarget "Quiz-iOS-App" */ = {
			isa = XCConfigurationList;
			buildConfigurations = (
				6FC1D4E82B6EA77D006863B4 /* Debug */,
				6FC1D4E92B6EA77D006863B4 /* Release */,
			);
			defaultConfigurationIsVisible = 0;
			defaultConfigurationName = Release;
		};
		6FC1D4EA2B6EA77D006863B4 /* Build configuration list for PBXNativeTarget "Quiz-iOS-AppTests" */ = {
			isa = XCConfigurationList;
			buildConfigurations = (
				6FC1D4EB2B6EA77D006863B4 /* Debug */,
				6FC1D4EC2B6EA77D006863B4 /* Release */,
			);
			defaultConfigurationIsVisible = 0;
			defaultConfigurationName = Release;
		};
		6FC1D4ED2B6EA77D006863B4 /* Build configuration list for PBXNativeTarget "Quiz-iOS-AppUITests" */ = {
			isa = XCConfigurationList;
			buildConfigurations = (
				6FC1D4EE2B6EA77D006863B4 /* Debug */,
				6FC1D4EF2B6EA77D006863B4 /* Release */,
			);
			defaultConfigurationIsVisible = 0;
			defaultConfigurationName = Release;
		};
/* End XCConfigurationList section */
	};
	rootObject = 6FC1D4B52B6EA77B006863B4 /* Project object */;
}
